# This file is generated by running "yarn install" inside your project.
# Manual changes might be lost - proceed with caution!

__metadata:
  version: 6
  cacheKey: 8

"@types/prop-types@npm:*":
  version: 15.7.14
  resolution: "@types/prop-types@npm:15.7.14"
  checksum: d0c5407b9ccc3dd5fae0ccf9b1007e7622ba5e6f1c18399b4f24dff33619d469da4b9fa918a374f19dc0d9fe6a013362aab0b844b606cfc10676efba3f5f736d
  languageName: node
  linkType: hard

"@types/react-native@npm:^0.70.0":
  version: 0.70.19
  resolution: "@types/react-native@npm:0.70.19"
  dependencies:
    "@types/react": "*"
  checksum: 79b504fa56340631079e7c20ea0d9412ec14147b76d0ce189f4403936f529ef1e6fd031383afab117846c5ae039123bcf3afc948bae4432269c6780282726f71
  languageName: node
  linkType: hard

"@types/react@npm:*":
  version: 19.0.10
  resolution: "@types/react@npm:19.0.10"
  dependencies:
    csstype: ^3.0.2
  checksum: e257e87bc3464825014523aecc700540a9da41c3c23136c03da9b2b7999251ac70ef9e594febdefeea6abe51da2475b42e5d96af6559d76f8d54bffc0b0ddacd
  languageName: node
  linkType: hard

"@types/react@npm:^18.0.0":
  version: 18.3.18
  resolution: "@types/react@npm:18.3.18"
  dependencies:
    "@types/prop-types": "*"
    csstype: ^3.0.2
  checksum: 5933597bc9f53e282f0438f0bb76d0f0fab60faabe760ea806e05ffe6f5c61b9b4d363e1a03a8fea47c510d493c6cf926cdeeba9f7074fa97b61940c350245e7
  languageName: node
  linkType: hard

"csstype@npm:^3.0.2":
  version: 3.1.3
  resolution: "csstype@npm:3.1.3"
  checksum: 8db785cc92d259102725b3c694ec0c823f5619a84741b5c7991b8ad135dfaa66093038a1cc63e03361a6cd28d122be48f2106ae72334e067dd619a51f49eddf7
  languageName: node
  linkType: hard

"js-tokens@npm:^3.0.0 || ^4.0.0":
  version: 4.0.0
  resolution: "js-tokens@npm:4.0.0"
  checksum: 8a95213a5a77deb6cbe94d86340e8d9ace2b93bc367790b260101d2f36a2eaf4e4e22d9fa9cf459b38af3a32fb4190e638024cf82ec95ef708680e405ea7cc78
  languageName: node
  linkType: hard

"loose-envify@npm:^1.4.0":
  version: 1.4.0
  resolution: "loose-envify@npm:1.4.0"
  dependencies:
    js-tokens: ^3.0.0 || ^4.0.0
  bin:
    loose-envify: cli.js
  checksum: 6517e24e0cad87ec9888f500c5b5947032cdfe6ef65e1c1936a0c48a524b81e65542c9c3edc91c97d5bddc806ee2a985dbc79be89215d613b1de5db6d1cfe6f4
  languageName: node
  linkType: hard

"object-assign@npm:^4.1.1":
  version: 4.1.1
  resolution: "object-assign@npm:4.1.1"
  checksum: fcc6e4ea8c7fe48abfbb552578b1c53e0d194086e2e6bbbf59e0a536381a292f39943c6e9628af05b5528aa5e3318bb30d6b2e53cadaf5b8fe9e12c4b69af23f
  languageName: node
  linkType: hard

"prop-types@npm:^15.8.1":
  version: 15.8.1
  resolution: "prop-types@npm:15.8.1"
  dependencies:
    loose-envify: ^1.4.0
    object-assign: ^4.1.1
    react-is: ^16.13.1
  checksum: c056d3f1c057cb7ff8344c645450e14f088a915d078dcda795041765047fa080d38e5d626560ccaac94a4e16e3aa15f3557c1a9a8d1174530955e992c675e459
  languageName: node
  linkType: hard

"react-is@npm:^16.13.1":
  version: 16.13.1
  resolution: "react-is@npm:16.13.1"
  checksum: f7a19ac3496de32ca9ae12aa030f00f14a3d45374f1ceca0af707c831b2a6098ef0d6bdae51bd437b0a306d7f01d4677fcc8de7c0d331eb47ad0f46130e53c5f
  languageName: node
  linkType: hard

"react-native-charts-wrapper@workspace:.":
  version: 0.0.0-use.local
  resolution: "react-native-charts-wrapper@workspace:."
  dependencies:
    "@types/react": ^18.0.0
    "@types/react-native": ^0.70.0
    prop-types: ^15.8.1
    typescript: ^4.9.5
  peerDependencies:
    react: ">=16.0.0"
  languageName: unknown
  linkType: soft

"typescript@npm:^4.9.5":
  version: 4.9.5
  resolution: "typescript@npm:4.9.5"
  bin:
    tsc: bin/tsc
    tsserver: bin/tsserver
  checksum: ee000bc26848147ad423b581bd250075662a354d84f0e06eb76d3b892328d8d4440b7487b5a83e851b12b255f55d71835b008a66cbf8f255a11e4400159237db
  languageName: node
  linkType: hard

"typescript@patch:typescript@^4.9.5#~builtin<compat/typescript>":
  version: 4.9.5
  resolution: "typescript@patch:typescript@npm%3A4.9.5#~builtin<compat/typescript>::version=4.9.5&hash=289587"
  bin:
    tsc: bin/tsc
    tsserver: bin/tsserver
  checksum: 1f8f3b6aaea19f0f67cba79057674ba580438a7db55057eb89cc06950483c5d632115c14077f6663ea76fd09fce3c190e6414bb98582ec80aa5a4eaf345d5b68
  languageName: node
  linkType: hard
